
Microsoft Visual Studio Solution File, Format Version 11.00
# Visual Studio 2010
Project("{FAE04EC0-301F-11D3-BF4B-00C04F79EFBC}") = "ConsoleTest", "ConsoleTest\ConsoleTest.csproj", "{FE64C171-D4C5-4540-96B5-8AA5649E9952}"
EndProject
Project("{FAE04EC0-301F-11D3-BF4B-00C04F79EFBC}") = "Kurogane.Core", "Core\Kurogane.Core.csproj", "{00005D4D-7A9E-4399-A2FF-86102BC72ECB}"
EndProject
Project("{FAE04EC0-301F-11D3-BF4B-00C04F79EFBC}") = "Kurogane.Test", "Test\Kurogane.Test.csproj", "{AA072613-2A6B-4F9D-8089-C530A4FACEC7}"
EndProject
Project("{FAE04EC0-301F-11D3-BF4B-00C04F79EFBC}") = "Kurogane.Shell", "Shell\Kurogane.Shell.csproj", "{57BAC4D2-16BB-4377-BCCD-8553E7F05C67}"
EndProject
Project("{FAE04EC0-301F-11D3-BF4B-00C04F79EFBC}") = "Kurogane.Interop.Produire", "Interop.Produire\Kurogane.Interop.Produire.csproj", "{2C81F9A1-ED7F-4AFD-A60E-72A9DCDFE871}"
EndProject
Project("{FAE04EC0-301F-11D3-BF4B-00C04F79EFBC}") = "Kurogane.Interop.Produire.Shell", "Interop.Produire.Shell\Kurogane.Interop.Produire.Shell.csproj", "{A13CE529-F620-46F4-ACD1-5D144C83AB77}"
EndProject
Project("{FAE04EC0-301F-11D3-BF4B-00C04F79EFBC}") = "Kurogane.SimpleEditor", "SimpleEditor\Kurogane.SimpleEditor.csproj", "{74A7A53F-BB49-474E-8690-BC7C8338FC91}"
EndProject
Project("{2150E333-8FDC-42A3-9474-1A3956D46DE8}") = "Solution Items", "Solution Items", "{9D04E6C6-C0A9-4550-AAF1-58E551DBCB32}"
	ProjectSection(SolutionItems) = preProject
		Kurogane.Tests.vsmdi = Kurogane.Tests.vsmdi
	EndProjectSection
EndProject
Global
	GlobalSection(TeamFoundationVersionControl) = preSolution
		SccNumberOfProjects = 8
		SccEnterpriseProvider = {4CA58AB2-18FA-4F8D-95D4-32DDF27D184C}
		SccTeamFoundationServer = https://tfs.codeplex.com/tfs/tfs01
		SccLocalPath0 = .
		SccProjectUniqueName1 = ConsoleTest\\ConsoleTest.csproj
		SccProjectName1 = ConsoleTest
		SccLocalPath1 = ConsoleTest
		SccProjectUniqueName2 = Core\\Kurogane.Core.csproj
		SccProjectName2 = Core
		SccLocalPath2 = Core
		SccProjectUniqueName3 = Test\\Kurogane.Test.csproj
		SccProjectName3 = Test
		SccLocalPath3 = Test
		SccProjectUniqueName4 = Shell\\Kurogane.Shell.csproj
		SccProjectName4 = Shell
		SccLocalPath4 = Shell
		SccProjectUniqueName5 = Interop.Produire\\Kurogane.Interop.Produire.csproj
		SccProjectName5 = Interop.Produire
		SccLocalPath5 = Interop.Produire
		SccProjectUniqueName6 = Interop.Produire.Shell\\Kurogane.Interop.Produire.Shell.csproj
		SccProjectName6 = Interop.Produire.Shell
		SccLocalPath6 = Interop.Produire.Shell
		SccProjectUniqueName7 = SimpleEditor\\Kurogane.SimpleEditor.csproj
		SccProjectName7 = SimpleEditor
		SccLocalPath7 = SimpleEditor
	EndGlobalSection
	GlobalSection(TestCaseManagementSettings) = postSolution
		CategoryFile = Kurogane.Tests.vsmdi
	EndGlobalSection
	GlobalSection(SolutionConfigurationPlatforms) = preSolution
		Debug|Any CPU = Debug|Any CPU
		Debug|Mixed Platforms = Debug|Mixed Platforms
		Debug|x86 = Debug|x86
		Release|Any CPU = Release|Any CPU
		Release|Mixed Platforms = Release|Mixed Platforms
		Release|x86 = Release|x86
	EndGlobalSection
	GlobalSection(ProjectConfigurationPlatforms) = postSolution
		{FE64C171-D4C5-4540-96B5-8AA5649E9952}.Debug|Any CPU.ActiveCfg = Debug|x86
		{FE64C171-D4C5-4540-96B5-8AA5649E9952}.Debug|Mixed Platforms.ActiveCfg = Debug|x86
		{FE64C171-D4C5-4540-96B5-8AA5649E9952}.Debug|Mixed Platforms.Build.0 = Debug|x86
		{FE64C171-D4C5-4540-96B5-8AA5649E9952}.Debug|x86.ActiveCfg = Debug|x86
		{FE64C171-D4C5-4540-96B5-8AA5649E9952}.Debug|x86.Build.0 = Debug|x86
		{FE64C171-D4C5-4540-96B5-8AA5649E9952}.Release|Any CPU.ActiveCfg = Release|x86
		{FE64C171-D4C5-4540-96B5-8AA5649E9952}.Release|Mixed Platforms.ActiveCfg = Release|x86
		{FE64C171-D4C5-4540-96B5-8AA5649E9952}.Release|Mixed Platforms.Build.0 = Release|x86
		{FE64C171-D4C5-4540-96B5-8AA5649E9952}.Release|x86.ActiveCfg = Release|x86
		{FE64C171-D4C5-4540-96B5-8AA5649E9952}.Release|x86.Build.0 = Release|x86
		{00005D4D-7A9E-4399-A2FF-86102BC72ECB}.Debug|Any CPU.ActiveCfg = Debug|Any CPU
		{00005D4D-7A9E-4399-A2FF-86102BC72ECB}.Debug|Any CPU.Build.0 = Debug|Any CPU
		{00005D4D-7A9E-4399-A2FF-86102BC72ECB}.Debug|Mixed Platforms.ActiveCfg = Debug|Any CPU
		{00005D4D-7A9E-4399-A2FF-86102BC72ECB}.Debug|Mixed Platforms.Build.0 = Debug|Any CPU
		{00005D4D-7A9E-4399-A2FF-86102BC72ECB}.Debug|x86.ActiveCfg = Debug|Any CPU
		{00005D4D-7A9E-4399-A2FF-86102BC72ECB}.Release|Any CPU.ActiveCfg = Release|Any CPU
		{00005D4D-7A9E-4399-A2FF-86102BC72ECB}.Release|Any CPU.Build.0 = Release|Any CPU
		{00005D4D-7A9E-4399-A2FF-86102BC72ECB}.Release|Mixed Platforms.ActiveCfg = Release|Any CPU
		{00005D4D-7A9E-4399-A2FF-86102BC72ECB}.Release|Mixed Platforms.Build.0 = Release|Any CPU
		{00005D4D-7A9E-4399-A2FF-86102BC72ECB}.Release|x86.ActiveCfg = Release|Any CPU
		{AA072613-2A6B-4F9D-8089-C530A4FACEC7}.Debug|Any CPU.ActiveCfg = Debug|Any CPU
		{AA072613-2A6B-4F9D-8089-C530A4FACEC7}.Debug|Any CPU.Build.0 = Debug|Any CPU
		{AA072613-2A6B-4F9D-8089-C530A4FACEC7}.Debug|Mixed Platforms.ActiveCfg = Debug|Any CPU
		{AA072613-2A6B-4F9D-8089-C530A4FACEC7}.Debug|Mixed Platforms.Build.0 = Debug|Any CPU
		{AA072613-2A6B-4F9D-8089-C530A4FACEC7}.Debug|x86.ActiveCfg = Debug|Any CPU
		{AA072613-2A6B-4F9D-8089-C530A4FACEC7}.Release|Any CPU.ActiveCfg = Release|Any CPU
		{AA072613-2A6B-4F9D-8089-C530A4FACEC7}.Release|Any CPU.Build.0 = Release|Any CPU
		{AA072613-2A6B-4F9D-8089-C530A4FACEC7}.Release|Mixed Platforms.ActiveCfg = Release|Any CPU
		{AA072613-2A6B-4F9D-8089-C530A4FACEC7}.Release|Mixed Platforms.Build.0 = Release|Any CPU
		{AA072613-2A6B-4F9D-8089-C530A4FACEC7}.Release|x86.ActiveCfg = Release|Any CPU
		{57BAC4D2-16BB-4377-BCCD-8553E7F05C67}.Debug|Any CPU.ActiveCfg = Debug|x86
		{57BAC4D2-16BB-4377-BCCD-8553E7F05C67}.Debug|Mixed Platforms.ActiveCfg = Debug|x86
		{57BAC4D2-16BB-4377-BCCD-8553E7F05C67}.Debug|Mixed Platforms.Build.0 = Debug|x86
		{57BAC4D2-16BB-4377-BCCD-8553E7F05C67}.Debug|x86.ActiveCfg = Debug|x86
		{57BAC4D2-16BB-4377-BCCD-8553E7F05C67}.Debug|x86.Build.0 = Debug|x86
		{57BAC4D2-16BB-4377-BCCD-8553E7F05C67}.Release|Any CPU.ActiveCfg = Release|x86
		{57BAC4D2-16BB-4377-BCCD-8553E7F05C67}.Release|Mixed Platforms.ActiveCfg = Release|x86
		{57BAC4D2-16BB-4377-BCCD-8553E7F05C67}.Release|Mixed Platforms.Build.0 = Release|x86
		{57BAC4D2-16BB-4377-BCCD-8553E7F05C67}.Release|x86.ActiveCfg = Release|x86
		{57BAC4D2-16BB-4377-BCCD-8553E7F05C67}.Release|x86.Build.0 = Release|x86
		{2C81F9A1-ED7F-4AFD-A60E-72A9DCDFE871}.Debug|Any CPU.ActiveCfg = Debug|Any CPU
		{2C81F9A1-ED7F-4AFD-A60E-72A9DCDFE871}.Debug|Any CPU.Build.0 = Debug|Any CPU
		{2C81F9A1-ED7F-4AFD-A60E-72A9DCDFE871}.Debug|Mixed Platforms.ActiveCfg = Debug|Any CPU
		{2C81F9A1-ED7F-4AFD-A60E-72A9DCDFE871}.Debug|Mixed Platforms.Build.0 = Debug|Any CPU
		{2C81F9A1-ED7F-4AFD-A60E-72A9DCDFE871}.Debug|x86.ActiveCfg = Debug|Any CPU
		{2C81F9A1-ED7F-4AFD-A60E-72A9DCDFE871}.Release|Any CPU.ActiveCfg = Release|Any CPU
		{2C81F9A1-ED7F-4AFD-A60E-72A9DCDFE871}.Release|Any CPU.Build.0 = Release|Any CPU
		{2C81F9A1-ED7F-4AFD-A60E-72A9DCDFE871}.Release|Mixed Platforms.ActiveCfg = Release|Any CPU
		{2C81F9A1-ED7F-4AFD-A60E-72A9DCDFE871}.Release|Mixed Platforms.Build.0 = Release|Any CPU
		{2C81F9A1-ED7F-4AFD-A60E-72A9DCDFE871}.Release|x86.ActiveCfg = Release|Any CPU
		{A13CE529-F620-46F4-ACD1-5D144C83AB77}.Debug|Any CPU.ActiveCfg = Debug|x86
		{A13CE529-F620-46F4-ACD1-5D144C83AB77}.Debug|Mixed Platforms.ActiveCfg = Debug|x86
		{A13CE529-F620-46F4-ACD1-5D144C83AB77}.Debug|Mixed Platforms.Build.0 = Debug|x86
		{A13CE529-F620-46F4-ACD1-5D144C83AB77}.Debug|x86.ActiveCfg = Debug|x86
		{A13CE529-F620-46F4-ACD1-5D144C83AB77}.Debug|x86.Build.0 = Debug|x86
		{A13CE529-F620-46F4-ACD1-5D144C83AB77}.Release|Any CPU.ActiveCfg = Release|x86
		{A13CE529-F620-46F4-ACD1-5D144C83AB77}.Release|Mixed Platforms.ActiveCfg = Release|x86
		{A13CE529-F620-46F4-ACD1-5D144C83AB77}.Release|Mixed Platforms.Build.0 = Release|x86
		{A13CE529-F620-46F4-ACD1-5D144C83AB77}.Release|x86.ActiveCfg = Release|x86
		{A13CE529-F620-46F4-ACD1-5D144C83AB77}.Release|x86.Build.0 = Release|x86
		{74A7A53F-BB49-474E-8690-BC7C8338FC91}.Debug|Any CPU.ActiveCfg = Debug|x86
		{74A7A53F-BB49-474E-8690-BC7C8338FC91}.Debug|Mixed Platforms.ActiveCfg = Debug|x86
		{74A7A53F-BB49-474E-8690-BC7C8338FC91}.Debug|Mixed Platforms.Build.0 = Debug|x86
		{74A7A53F-BB49-474E-8690-BC7C8338FC91}.Debug|x86.ActiveCfg = Debug|x86
		{74A7A53F-BB49-474E-8690-BC7C8338FC91}.Debug|x86.Build.0 = Debug|x86
		{74A7A53F-BB49-474E-8690-BC7C8338FC91}.Release|Any CPU.ActiveCfg = Release|x86
		{74A7A53F-BB49-474E-8690-BC7C8338FC91}.Release|Mixed Platforms.ActiveCfg = Release|x86
		{74A7A53F-BB49-474E-8690-BC7C8338FC91}.Release|Mixed Platforms.Build.0 = Release|x86
		{74A7A53F-BB49-474E-8690-BC7C8338FC91}.Release|x86.ActiveCfg = Release|x86
		{74A7A53F-BB49-474E-8690-BC7C8338FC91}.Release|x86.Build.0 = Release|x86
	EndGlobalSection
	GlobalSection(SolutionProperties) = preSolution
		HideSolutionNode = FALSE
	EndGlobalSection
EndGlobal
